
Microsoft Visual Studio Solution File, Format Version 12.00
# Visual Studio 15
VisualStudioVersion = 15.0.28307.1401
MinimumVisualStudioVersion = 10.0.40219.1
Project("{FAE04EC0-301F-11D3-BF4B-00C04F79EFBC}") = "WhatBetNN", "WhatBetNN\WhatBetNN.csproj", "{318F62CC-3946-4256-B405-31FD3BCB926D}"
EndProject
Global
	GlobalSection(SolutionConfigurationPlatforms) = preSolution
		Debug|Any CPU = Debug|Any CPU
		Release|Any CPU = Release|Any CPU
	EndGlobalSection
	GlobalSection(ProjectConfigurationPlatforms) = postSolution
		{318F62CC-3946-4256-B405-31FD3BCB926D}.Debug|Any CPU.ActiveCfg = Debug|Any CPU
		{318F62CC-3946-4256-B405-31FD3BCB926D}.Debug|Any CPU.Build.0 = Debug|Any CPU
		{318F62CC-3946-4256-B405-31FD3BCB926D}.Release|Any CPU.ActiveCfg = Release|Any CPU
		{318F62CC-3946-4256-B405-31FD3BCB926D}.Release|Any CPU.Build.0 = Release|Any CPU
	EndGlobalSection
	GlobalSection(SolutionProperties) = preSolution
		HideSolutionNode = FALSE
	EndGlobalSection
	GlobalSection(ExtensibilityGlobals) = postSolution
		SolutionGuid = {287BCF01-8A8D-4842-9367-919E73542A7F}
	EndGlobalSection
EndGlobal
